
Microsoft Visual Studio Solution File, Format Version 12.00
# Visual Studio 15
VisualStudioVersion = 15.0.27428.2037
MinimumVisualStudioVersion = 10.0.40219.1
Project("{FAE04EC0-301F-11D3-BF4B-00C04F79EFBC}") = "SamplePos", "SamplePos\SamplePos.csproj", "{8B6EE332-C341-452A-8084-E46F168E211D}"
EndProject
Project("{FAE04EC0-301F-11D3-BF4B-00C04F79EFBC}") = "SamplePosTests", "SamplePosTests\SamplePosTests.csproj", "{55B5EDB7-9260-41C7-B3F5-2CCCFD3C355C}"
EndProject
Global
	GlobalSection(SolutionConfigurationPlatforms) = preSolution
		Debug|Any CPU = Debug|Any CPU
		Release|Any CPU = Release|Any CPU
	EndGlobalSection
	GlobalSection(ProjectConfigurationPlatforms) = postSolution
		{8B6EE332-C341-452A-8084-E46F168E211D}.Debug|Any CPU.ActiveCfg = Debug|Any CPU
		{8B6EE332-C341-452A-8084-E46F168E211D}.Debug|Any CPU.Build.0 = Debug|Any CPU
		{8B6EE332-C341-452A-8084-E46F168E211D}.Release|Any CPU.ActiveCfg = Release|Any CPU
		{8B6EE332-C341-452A-8084-E46F168E211D}.Release|Any CPU.Build.0 = Release|Any CPU
		{55B5EDB7-9260-41C7-B3F5-2CCCFD3C355C}.Debug|Any CPU.ActiveCfg = Debug|Any CPU
		{55B5EDB7-9260-41C7-B3F5-2CCCFD3C355C}.Debug|Any CPU.Build.0 = Debug|Any CPU
		{55B5EDB7-9260-41C7-B3F5-2CCCFD3C355C}.Release|Any CPU.ActiveCfg = Release|Any CPU
		{55B5EDB7-9260-41C7-B3F5-2CCCFD3C355C}.Release|Any CPU.Build.0 = Release|Any CPU
	EndGlobalSection
	GlobalSection(SolutionProperties) = preSolution
		HideSolutionNode = FALSE
	EndGlobalSection
	GlobalSection(ExtensibilityGlobals) = postSolution
		SolutionGuid = {AB91E445-6260-4752-89B5-B52348C8EFF2}
	EndGlobalSection
EndGlobal
